// !$*UTF8*$!
{
	archiveVersion = 1;
	classes = {
	};
	objectVersion = 56;
	objects = {

/* Begin PBXBuildFile section */
		1849F1B92982FE510071FB34 /* AppDelegate.swift in Sources */ = {isa = PBXBuildFile; fileRef = 1849F1B82982FE510071FB34 /* AppDelegate.swift */; };
		1849F1BB2982FE510071FB34 /* SceneDelegate.swift in Sources */ = {isa = PBXBuildFile; fileRef = 1849F1BA2982FE510071FB34 /* SceneDelegate.swift */; };
		1849F1BD2982FE510071FB34 /* BKListViewController.swift in Sources */ = {isa = PBXBuildFile; fileRef = 1849F1BC2982FE510071FB34 /* BKListViewController.swift */; };
		1849F1C02982FE510071FB34 /* Main.storyboard in Resources */ = {isa = PBXBuildFile; fileRef = 1849F1BE2982FE510071FB34 /* Main.storyboard */; };
		1849F1C32982FE510071FB34 /* BookStore_RicardoCorreia.xcdatamodeld in Sources */ = {isa = PBXBuildFile; fileRef = 1849F1C12982FE510071FB34 /* BookStore_RicardoCorreia.xcdatamodeld */; };
		1849F1C52982FE510071FB34 /* Assets.xcassets in Resources */ = {isa = PBXBuildFile; fileRef = 1849F1C42982FE510071FB34 /* Assets.xcassets */; };
		1849F1C82982FE510071FB34 /* LaunchScreen.storyboard in Resources */ = {isa = PBXBuildFile; fileRef = 1849F1C62982FE510071FB34 /* LaunchScreen.storyboard */; };
		1849F1D02982FEEF0071FB34 /* BKDetailViewController.swift in Sources */ = {isa = PBXBuildFile; fileRef = 1849F1CF2982FEEF0071FB34 /* BKDetailViewController.swift */; };
		1849F1D4298300E40071FB34 /* BKThumbnailCell.swift in Sources */ = {isa = PBXBuildFile; fileRef = 1849F1D2298300E40071FB34 /* BKThumbnailCell.swift */; };
		1849F1D5298300E40071FB34 /* BKThumbnailCell.xib in Resources */ = {isa = PBXBuildFile; fileRef = 1849F1D3298300E40071FB34 /* BKThumbnailCell.xib */; };
		1849F1DB2983E31B0071FB34 /* UIButton+Favorite.swift in Sources */ = {isa = PBXBuildFile; fileRef = 1849F1DA2983E31B0071FB34 /* UIButton+Favorite.swift */; };
/* End PBXBuildFile section */

/* Begin PBXFileReference section */
		1849F1B52982FE510071FB34 /* BookStore_RicardoCorreia.app */ = {isa = PBXFileReference; explicitFileType = wrapper.application; includeInIndex = 0; path = BookStore_RicardoCorreia.app; sourceTree = BUILT_PRODUCTS_DIR; };
		1849F1B82982FE510071FB34 /* AppDelegate.swift */ = {isa = PBXFileReference; lastKnownFileType = sourcecode.swift; path = AppDelegate.swift; sourceTree = "<group>"; };
		1849F1BA2982FE510071FB34 /* SceneDelegate.swift */ = {isa = PBXFileReference; lastKnownFileType = sourcecode.swift; path = SceneDelegate.swift; sourceTree = "<group>"; };
		1849F1BC2982FE510071FB34 /* BKListViewController.swift */ = {isa = PBXFileReference; lastKnownFileType = sourcecode.swift; path = BKListViewController.swift; sourceTree = "<group>"; };
		1849F1BF2982FE510071FB34 /* Base */ = {isa = PBXFileReference; lastKnownFileType = file.storyboard; name = Base; path = Base.lproj/Main.storyboard; sourceTree = "<group>"; };
		1849F1C22982FE510071FB34 /* BookStore_RicardoCorreia.xcdatamodel */ = {isa = PBXFileReference; lastKnownFileType = wrapper.xcdatamodel; path = BookStore_RicardoCorreia.xcdatamodel; sourceTree = "<group>"; };
		1849F1C42982FE510071FB34 /* Assets.xcassets */ = {isa = PBXFileReference; lastKnownFileType = folder.assetcatalog; path = Assets.xcassets; sourceTree = "<group>"; };
		1849F1C72982FE510071FB34 /* Base */ = {isa = PBXFileReference; lastKnownFileType = file.storyboard; name = Base; path = Base.lproj/LaunchScreen.storyboard; sourceTree = "<group>"; };
		1849F1C92982FE510071FB34 /* Info.plist */ = {isa = PBXFileReference; lastKnownFileType = text.plist.xml; path = Info.plist; sourceTree = "<group>"; };
		1849F1CF2982FEEF0071FB34 /* BKDetailViewController.swift */ = {isa = PBXFileReference; lastKnownFileType = sourcecode.swift; path = BKDetailViewController.swift; sourceTree = "<group>"; };
		1849F1D2298300E40071FB34 /* BKThumbnailCell.swift */ = {isa = PBXFileReference; lastKnownFileType = sourcecode.swift; path = BKThumbnailCell.swift; sourceTree = "<group>"; };
		1849F1D3298300E40071FB34 /* BKThumbnailCell.xib */ = {isa = PBXFileReference; lastKnownFileType = file.xib; path = BKThumbnailCell.xib; sourceTree = "<group>"; };
		1849F1DA2983E31B0071FB34 /* UIButton+Favorite.swift */ = {isa = PBXFileReference; lastKnownFileType = sourcecode.swift; path = "UIButton+Favorite.swift"; sourceTree = "<group>"; };
/* End PBXFileReference section */

/* Begin PBXFrameworksBuildPhase section */
		1849F1B22982FE510071FB34 /* Frameworks */ = {
			isa = PBXFrameworksBuildPhase;
			buildActionMask = 2147483647;
			files = (
			);
			runOnlyForDeploymentPostprocessing = 0;
		};
/* End PBXFrameworksBuildPhase section */

/* Begin PBXGroup section */
		1849F1AC2982FE510071FB34 = {
			isa = PBXGroup;
			children = (
				1849F1B72982FE510071FB34 /* BookStore_RicardoCorreia */,
				1849F1B62982FE510071FB34 /* Products */,
			);
			sourceTree = "<group>";
		};
		1849F1B62982FE510071FB34 /* Products */ = {
			isa = PBXGroup;
			children = (
				1849F1B52982FE510071FB34 /* BookStore_RicardoCorreia.app */,
			);
			name = Products;
			sourceTree = "<group>";
		};
		1849F1B72982FE510071FB34 /* BookStore_RicardoCorreia */ = {
			isa = PBXGroup;
			children = (
				1849F1B82982FE510071FB34 /* AppDelegate.swift */,
				1849F1BA2982FE510071FB34 /* SceneDelegate.swift */,
				1849F1D12982FF0A0071FB34 /* UI */,
				1849F1DC2983E8C20071FB34 /* Data */,
				1849F1C42982FE510071FB34 /* Assets.xcassets */,
				1849F1C92982FE510071FB34 /* Info.plist */,
				1849F1C12982FE510071FB34 /* BookStore_RicardoCorreia.xcdatamodeld */,
			);
			path = BookStore_RicardoCorreia;
			sourceTree = "<group>";
		};
		1849F1D12982FF0A0071FB34 /* UI */ = {
			isa = PBXGroup;
			children = (
				1849F1D82983E22D0071FB34 /* Storyboard */,
				1849F1D62983E1B60071FB34 /* ViewController */,
				1849F1D72983E1F20071FB34 /* CollectionViewCell */,
				1849F1D92983E2850071FB34 /* Button */,
			);
			path = UI;
			sourceTree = "<group>";
		};
		1849F1D62983E1B60071FB34 /* ViewController */ = {
			isa = PBXGroup;
			children = (
				1849F1BC2982FE510071FB34 /* BKListViewController.swift */,
				1849F1CF2982FEEF0071FB34 /* BKDetailViewController.swift */,
			);
			path = ViewController;
			sourceTree = "<group>";
		};
		1849F1D72983E1F20071FB34 /* CollectionViewCell */ = {
			isa = PBXGroup;
			children = (
				1849F1D2298300E40071FB34 /* BKThumbnailCell.swift */,
				1849F1D3298300E40071FB34 /* BKThumbnailCell.xib */,
			);
			path = CollectionViewCell;
			sourceTree = "<group>";
		};
		1849F1D82983E22D0071FB34 /* Storyboard */ = {
			isa = PBXGroup;
			children = (
				1849F1C62982FE510071FB34 /* LaunchScreen.storyboard */,
				1849F1BE2982FE510071FB34 /* Main.storyboard */,
			);
			path = Storyboard;
			sourceTree = "<group>";
		};
		1849F1D92983E2850071FB34 /* Button */ = {
			isa = PBXGroup;
			children = (
				1849F1DA2983E31B0071FB34 /* UIButton+Favorite.swift */,
			);
			path = Button;
			sourceTree = "<group>";
		};
		1849F1DC2983E8C20071FB34 /* Data */ = {
			isa = PBXGroup;
			children = (
			);
			path = Data;
			sourceTree = "<group>";
		};
/* End PBXGroup section */

/* Begin PBXNativeTarget section */
		1849F1B42982FE510071FB34 /* BookStore_RicardoCorreia */ = {
			isa = PBXNativeTarget;
			buildConfigurationList = 1849F1CC2982FE510071FB34 /* Build configuration list for PBXNativeTarget "BookStore_RicardoCorreia" */;
			buildPhases = (
				1849F1B12982FE510071FB34 /* Sources */,
				1849F1B22982FE510071FB34 /* Frameworks */,
				1849F1B32982FE510071FB34 /* Resources */,
			);
			buildRules = (
			);
			dependencies = (
			);
			name = BookStore_RicardoCorreia;
			productName = BookStore_RicardoCorreia;
			productReference = 1849F1B52982FE510071FB34 /* BookStore_RicardoCorreia.app */;
			productType = "com.apple.product-type.application";
		};
/* End PBXNativeTarget section */

/* Begin PBXProject section */
		1849F1AD2982FE510071FB34 /* Project object */ = {
			isa = PBXProject;
			attributes = {
				BuildIndependentTargetsInParallel = 1;
				LastSwiftUpdateCheck = 1420;
				LastUpgradeCheck = 1420;
				TargetAttributes = {
					1849F1B42982FE510071FB34 = {
						CreatedOnToolsVersion = 14.2;
					};
				};
			};
			buildConfigurationList = 1849F1B02982FE510071FB34 /* Build configuration list for PBXProject "BookStore_RicardoCorreia" */;
			compatibilityVersion = "Xcode 14.0";
			developmentRegion = en;
			hasScannedForEncodings = 0;
			knownRegions = (
				en,
				Base,
			);
			mainGroup = 1849F1AC2982FE510071FB34;
			productRefGroup = 1849F1B62982FE510071FB34 /* Products */;
			projectDirPath = "";
			projectRoot = "";
			targets = (
				1849F1B42982FE510071FB34 /* BookStore_RicardoCorreia */,
			);
		};
/* End PBXProject section */

/* Begin PBXResourcesBuildPhase section */
		1849F1B32982FE510071FB34 /* Resources */ = {
			isa = PBXResourcesBuildPhase;
			buildActionMask = 2147483647;
			files = (
				1849F1D5298300E40071FB34 /* BKThumbnailCell.xib in Resources */,
				1849F1C82982FE510071FB34 /* LaunchScreen.storyboard in Resources */,
				1849F1C52982FE510071FB34 /* Assets.xcassets in Resources */,
				1849F1C02982FE510071FB34 /* Main.storyboard in Resources */,
			);
			runOnlyForDeploymentPostprocessing = 0;
		};
/* End PBXResourcesBuildPhase section */

/* Begin PBXSourcesBuildPhase section */
		1849F1B12982FE510071FB34 /* Sources */ = {
			isa = PBXSourcesBuildPhase;
			buildActionMask = 2147483647;
			files = (
				1849F1D4298300E40071FB34 /* BKThumbnailCell.swift in Sources */,
				1849F1BD2982FE510071FB34 /* BKListViewController.swift in Sources */,
				1849F1C32982FE510071FB34 /* BookStore_RicardoCorreia.xcdatamodeld in Sources */,
				1849F1B92982FE510071FB34 /* AppDelegate.swift in Sources */,
				1849F1BB2982FE510071FB34 /* SceneDelegate.swift in Sources */,
				1849F1DB2983E31B0071FB34 /* UIButton+Favorite.swift in Sources */,
				1849F1D02982FEEF0071FB34 /* BKDetailViewController.swift in Sources */,
			);
			runOnlyForDeploymentPostprocessing = 0;
		};
/* End PBXSourcesBuildPhase section */

/* Begin PBXVariantGroup section */
		1849F1BE2982FE510071FB34 /* Main.storyboard */ = {
			isa = PBXVariantGroup;
			children = (
				1849F1BF2982FE510071FB34 /* Base */,
			);
			name = Main.storyboard;
			sourceTree = "<group>";
		};
		1849F1C62982FE510071FB34 /* LaunchScreen.storyboard */ = {
			isa = PBXVariantGroup;
			children = (
				1849F1C72982FE510071FB34 /* Base */,
			);
			name = LaunchScreen.storyboard;
			sourceTree = "<group>";
		};
/* End PBXVariantGroup section */

/* Begin XCBuildConfiguration section */
		1849F1CA2982FE510071FB34 /* Debug */ = {
			isa = XCBuildConfiguration;
			buildSettings = {
				ALWAYS_SEARCH_USER_PATHS = NO;
				CLANG_ANALYZER_NONNULL = YES;
				CLANG_ANALYZER_NUMBER_OBJECT_CONVERSION = YES_AGGRESSIVE;
				CLANG_CXX_LANGUAGE_STANDARD = "gnu++20";
				CLANG_ENABLE_MODULES = YES;
				CLANG_ENABLE_OBJC_ARC = YES;
				CLANG_ENABLE_OBJC_WEAK = YES;
				CLANG_WARN_BLOCK_CAPTURE_AUTORELEASING = YES;
				CLANG_WARN_BOOL_CONVERSION = YES;
				CLANG_WARN_COMMA = YES;
				CLANG_WARN_CONSTANT_CONVERSION = YES;
				CLANG_WARN_DEPRECATED_OBJC_IMPLEMENTATIONS = YES;
				CLANG_WARN_DIRECT_OBJC_ISA_USAGE = YES_ERROR;
				CLANG_WARN_DOCUMENTATION_COMMENTS = YES;
				CLANG_WARN_EMPTY_BODY = YES;
				CLANG_WARN_ENUM_CONVERSION = YES;
				CLANG_WARN_INFINITE_RECURSION = YES;
				CLANG_WARN_INT_CONVERSION = YES;
				CLANG_WARN_NON_LITERAL_NULL_CONVERSION = YES;
				CLANG_WARN_OBJC_IMPLICIT_RETAIN_SELF = YES;
				CLANG_WARN_OBJC_LITERAL_CONVERSION = YES;
				CLANG_WARN_OBJC_ROOT_CLASS = YES_ERROR;
				CLANG_WARN_QUOTED_INCLUDE_IN_FRAMEWORK_HEADER = YES;
				CLANG_WARN_RANGE_LOOP_ANALYSIS = YES;
				CLANG_WARN_STRICT_PROTOTYPES = YES;
				CLANG_WARN_SUSPICIOUS_MOVE = YES;
				CLANG_WARN_UNGUARDED_AVAILABILITY = YES_AGGRESSIVE;
				CLANG_WARN_UNREACHABLE_CODE = YES;
				CLANG_WARN__DUPLICATE_METHOD_MATCH = YES;
				COPY_PHASE_STRIP = NO;
				DEBUG_INFORMATION_FORMAT = dwarf;
				ENABLE_STRICT_OBJC_MSGSEND = YES;
				ENABLE_TESTABILITY = YES;
				GCC_C_LANGUAGE_STANDARD = gnu11;
				GCC_DYNAMIC_NO_PIC = NO;
				GCC_NO_COMMON_BLOCKS = YES;
				GCC_OPTIMIZATION_LEVEL = 0;
				GCC_PREPROCESSOR_DEFINITIONS = (
					"DEBUG=1",
					"$(inherited)",
				);
				GCC_WARN_64_TO_32_BIT_CONVERSION = YES;
				GCC_WARN_ABOUT_RETURN_TYPE = YES_ERROR;
				GCC_WARN_UNDECLARED_SELECTOR = YES;
				GCC_WARN_UNINITIALIZED_AUTOS = YES_AGGRESSIVE;
				GCC_WARN_UNUSED_FUNCTION = YES;
				GCC_WARN_UNUSED_VARIABLE = YES;
				IPHONEOS_DEPLOYMENT_TARGET = 16.2;
				MTL_ENABLE_DEBUG_INFO = INCLUDE_SOURCE;
				MTL_FAST_MATH = YES;
				ONLY_ACTIVE_ARCH = YES;
				SDKROOT = iphoneos;
				SWIFT_ACTIVE_COMPILATION_CONDITIONS = DEBUG;
				SWIFT_OPTIMIZATION_LEVEL = "-Onone";
			};
			name = Debug;
		};
		1849F1CB2982FE510071FB34 /* Release */ = {
			isa = XCBuildConfiguration;
			buildSettings = {
				ALWAYS_SEARCH_USER_PATHS = NO;
				CLANG_ANALYZER_NONNULL = YES;
				CLANG_ANALYZER_NUMBER_OBJECT_CONVERSION = YES_AGGRESSIVE;
				CLANG_CXX_LANGUAGE_STANDARD = "gnu++20";
				CLANG_ENABLE_MODULES = YES;
				CLANG_ENABLE_OBJC_ARC = YES;
				CLANG_ENABLE_OBJC_WEAK = YES;
				CLANG_WARN_BLOCK_CAPTURE_AUTORELEASING = YES;
				CLANG_WARN_BOOL_CONVERSION = YES;
				CLANG_WARN_COMMA = YES;
				CLANG_WARN_CONSTANT_CONVERSION = YES;
				CLANG_WARN_DEPRECATED_OBJC_IMPLEMENTATIONS = YES;
				CLANG_WARN_DIRECT_OBJC_ISA_USAGE = YES_ERROR;
				CLANG_WARN_DOCUMENTATION_COMMENTS = YES;
				CLANG_WARN_EMPTY_BODY = YES;
				CLANG_WARN_ENUM_CONVERSION = YES;
				CLANG_WARN_INFINITE_RECURSION = YES;
				CLANG_WARN_INT_CONVERSION = YES;
				CLANG_WARN_NON_LITERAL_NULL_CONVERSION = YES;
				CLANG_WARN_OBJC_IMPLICIT_RETAIN_SELF = YES;
				CLANG_WARN_OBJC_LITERAL_CONVERSION = YES;
				CLANG_WARN_OBJC_ROOT_CLASS = YES_ERROR;
				CLANG_WARN_QUOTED_INCLUDE_IN_FRAMEWORK_HEADER = YES;
				CLANG_WARN_RANGE_LOOP_ANALYSIS = YES;
				CLANG_WARN_STRICT_PROTOTYPES = YES;
				CLANG_WARN_SUSPICIOUS_MOVE = YES;
				CLANG_WARN_UNGUARDED_AVAILABILITY = YES_AGGRESSIVE;
				CLANG_WARN_UNREACHABLE_CODE = YES;
				CLANG_WARN__DUPLICATE_METHOD_MATCH = YES;
				COPY_PHASE_STRIP = NO;
				DEBUG_INFORMATION_FORMAT = "dwarf-with-dsym";
				ENABLE_NS_ASSERTIONS = NO;
				ENABLE_STRICT_OBJC_MSGSEND = YES;
				GCC_C_LANGUAGE_STANDARD = gnu11;
				GCC_NO_COMMON_BLOCKS = YES;
				GCC_WARN_64_TO_32_BIT_CONVERSION = YES;
				GCC_WARN_ABOUT_RETURN_TYPE = YES_ERROR;
				GCC_WARN_UNDECLARED_SELECTOR = YES;
				GCC_WARN_UNINITIALIZED_AUTOS = YES_AGGRESSIVE;
				GCC_WARN_UNUSED_FUNCTION = YES;
				GCC_WARN_UNUSED_VARIABLE = YES;
				IPHONEOS_DEPLOYMENT_TARGET = 16.2;
				MTL_ENABLE_DEBUG_INFO = NO;
				MTL_FAST_MATH = YES;
				SDKROOT = iphoneos;
				SWIFT_COMPILATION_MODE = wholemodule;
				SWIFT_OPTIMIZATION_LEVEL = "-O";
				VALIDATE_PRODUCT = YES;
			};
			name = Release;
		};
		1849F1CD2982FE510071FB34 /* Debug */ = {
			isa = XCBuildConfiguration;
			buildSettings = {
				ASSETCATALOG_COMPILER_APPICON_NAME = AppIcon;
				ASSETCATALOG_COMPILER_GLOBAL_ACCENT_COLOR_NAME = AccentColor;
				CODE_SIGN_STYLE = Automatic;
				CURRENT_PROJECT_VERSION = 1;
				DEVELOPMENT_TEAM = 3W363GVAZ9;
				GENERATE_INFOPLIST_FILE = YES;
				INFOPLIST_FILE = BookStore_RicardoCorreia/Info.plist;
				INFOPLIST_KEY_UIApplicationSupportsIndirectInputEvents = YES;
				INFOPLIST_KEY_UILaunchStoryboardName = LaunchScreen;
				INFOPLIST_KEY_UIMainStoryboardFile = Main;
				INFOPLIST_KEY_UISupportedInterfaceOrientations_iPad = "UIInterfaceOrientationPortrait UIInterfaceOrientationPortraitUpsideDown UIInterfaceOrientationLandscapeLeft UIInterfaceOrientationLandscapeRight";
				INFOPLIST_KEY_UISupportedInterfaceOrientations_iPhone = "UIInterfaceOrientationPortrait UIInterfaceOrientationLandscapeLeft UIInterfaceOrientationLandscapeRight";
				LD_RUNPATH_SEARCH_PATHS = (
					"$(inherited)",
					"@executable_path/Frameworks",
				);
				MARKETING_VERSION = 1.0;
				PRODUCT_BUNDLE_IDENTIFIER = "pt.itsector.BookStore-RicardoCorreia";
				PRODUCT_NAME = "$(TARGET_NAME)";
				SWIFT_EMIT_LOC_STRINGS = YES;
				SWIFT_VERSION = 5.0;
				TARGETED_DEVICE_FAMILY = "1,2";
			};
			name = Debug;
		};
		1849F1CE2982FE510071FB34 /* Release */ = {
			isa = XCBuildConfiguration;
			buildSettings = {
				ASSETCATALOG_COMPILER_APPICON_NAME = AppIcon;
				ASSETCATALOG_COMPILER_GLOBAL_ACCENT_COLOR_NAME = AccentColor;
				CODE_SIGN_STYLE = Automatic;
				CURRENT_PROJECT_VERSION = 1;
				DEVELOPMENT_TEAM = 3W363GVAZ9;
				GENERATE_INFOPLIST_FILE = YES;
				INFOPLIST_FILE = BookStore_RicardoCorreia/Info.plist;
				INFOPLIST_KEY_UIApplicationSupportsIndirectInputEvents = YES;
				INFOPLIST_KEY_UILaunchStoryboardName = LaunchScreen;
				INFOPLIST_KEY_UIMainStoryboardFile = Main;
				INFOPLIST_KEY_UISupportedInterfaceOrientations_iPad = "UIInterfaceOrientationPortrait UIInterfaceOrientationPortraitUpsideDown UIInterfaceOrientationLandscapeLeft UIInterfaceOrientationLandscapeRight";
				INFOPLIST_KEY_UISupportedInterfaceOrientations_iPhone = "UIInterfaceOrientationPortrait UIInterfaceOrientationLandscapeLeft UIInterfaceOrientationLandscapeRight";
				LD_RUNPATH_SEARCH_PATHS = (
					"$(inherited)",
					"@executable_path/Frameworks",
				);
				MARKETING_VERSION = 1.0;
				PRODUCT_BUNDLE_IDENTIFIER = "pt.itsector.BookStore-RicardoCorreia";
				PRODUCT_NAME = "$(TARGET_NAME)";
				SWIFT_EMIT_LOC_STRINGS = YES;
				SWIFT_VERSION = 5.0;
				TARGETED_DEVICE_FAMILY = "1,2";
			};
			name = Release;
		};
/* End XCBuildConfiguration section */

/* Begin XCConfigurationList section */
		1849F1B02982FE510071FB34 /* Build configuration list for PBXProject "BookStore_RicardoCorreia" */ = {
			isa = XCConfigurationList;
			buildConfigurations = (
				1849F1CA2982FE510071FB34 /* Debug */,
				1849F1CB2982FE510071FB34 /* Release */,
			);
			defaultConfigurationIsVisible = 0;
			defaultConfigurationName = Release;
		};
		1849F1CC2982FE510071FB34 /* Build configuration list for PBXNativeTarget "BookStore_RicardoCorreia" */ = {
			isa = XCConfigurationList;
			buildConfigurations = (
				1849F1CD2982FE510071FB34 /* Debug */,
				1849F1CE2982FE510071FB34 /* Release */,
			);
			defaultConfigurationIsVisible = 0;
			defaultConfigurationName = Release;
		};
/* End XCConfigurationList section */

/* Begin XCVersionGroup section */
		1849F1C12982FE510071FB34 /* BookStore_RicardoCorreia.xcdatamodeld */ = {
			isa = XCVersionGroup;
			children = (
				1849F1C22982FE510071FB34 /* BookStore_RicardoCorreia.xcdatamodel */,
			);
			currentVersion = 1849F1C22982FE510071FB34 /* BookStore_RicardoCorreia.xcdatamodel */;
			path = BookStore_RicardoCorreia.xcdatamodeld;
			sourceTree = "<group>";
			versionGroupType = wrapper.xcdatamodel;
		};
/* End XCVersionGroup section */
	};
	rootObject = 1849F1AD2982FE510071FB34 /* Project object */;
}
